
Microsoft Visual Studio Solution File, Format Version 12.00
# Visual Studio Version 17
VisualStudioVersion = 17.2.32630.192
MinimumVisualStudioVersion = 10.0.40219.1
Project("{FAE04EC0-301F-11D3-BF4B-00C04F79EFBC}") = "Entidades", "Entidades\Entidades.csproj", "{B1C52EF0-18C2-477F-B974-9C24E0AD2F55}"
EndProject
Project("{FAE04EC0-301F-11D3-BF4B-00C04F79EFBC}") = "SalidaConsola", "SalidaConsola\SalidaConsola.csproj", "{5ACD7316-AEBF-45B3-B894-60FA36C8D861}"
EndProject
Global
	GlobalSection(SolutionConfigurationPlatforms) = preSolution
		Debug|Any CPU = Debug|Any CPU
		Release|Any CPU = Release|Any CPU
	EndGlobalSection
	GlobalSection(ProjectConfigurationPlatforms) = postSolution
		{B1C52EF0-18C2-477F-B974-9C24E0AD2F55}.Debug|Any CPU.ActiveCfg = Debug|Any CPU
		{B1C52EF0-18C2-477F-B974-9C24E0AD2F55}.Debug|Any CPU.Build.0 = Debug|Any CPU
		{B1C52EF0-18C2-477F-B974-9C24E0AD2F55}.Release|Any CPU.ActiveCfg = Release|Any CPU
		{B1C52EF0-18C2-477F-B974-9C24E0AD2F55}.Release|Any CPU.Build.0 = Release|Any CPU
		{5ACD7316-AEBF-45B3-B894-60FA36C8D861}.Debug|Any CPU.ActiveCfg = Debug|Any CPU
		{5ACD7316-AEBF-45B3-B894-60FA36C8D861}.Debug|Any CPU.Build.0 = Debug|Any CPU
		{5ACD7316-AEBF-45B3-B894-60FA36C8D861}.Release|Any CPU.ActiveCfg = Release|Any CPU
		{5ACD7316-AEBF-45B3-B894-60FA36C8D861}.Release|Any CPU.Build.0 = Release|Any CPU
	EndGlobalSection
	GlobalSection(SolutionProperties) = preSolution
		HideSolutionNode = FALSE
	EndGlobalSection
	GlobalSection(ExtensibilityGlobals) = postSolution
		SolutionGuid = {C1F90F2D-81CF-440D-97E4-2046E87A1BA6}
	EndGlobalSection
EndGlobal
